
Microsoft Visual Studio Solution File, Format Version 12.00
# Visual Studio Version 16
VisualStudioVersion = 16.0.32407.337
MinimumVisualStudioVersion = 10.0.40219.1
Project("{FAE04EC0-301F-11D3-BF4B-00C04F79EFBC}") = "Projeto01.GestaoVendas", "Projeto01.GestaoVendas\Projeto01.GestaoVendas.csproj", "{3B5A0DCB-E18F-4E45-9941-6504DA12EB6D}"
EndProject
Global
	GlobalSection(SolutionConfigurationPlatforms) = preSolution
		Debug|Any CPU = Debug|Any CPU
		Release|Any CPU = Release|Any CPU
	EndGlobalSection
	GlobalSection(ProjectConfigurationPlatforms) = postSolution
		{3B5A0DCB-E18F-4E45-9941-6504DA12EB6D}.Debug|Any CPU.ActiveCfg = Debug|Any CPU
		{3B5A0DCB-E18F-4E45-9941-6504DA12EB6D}.Debug|Any CPU.Build.0 = Debug|Any CPU
		{3B5A0DCB-E18F-4E45-9941-6504DA12EB6D}.Release|Any CPU.ActiveCfg = Release|Any CPU
		{3B5A0DCB-E18F-4E45-9941-6504DA12EB6D}.Release|Any CPU.Build.0 = Release|Any CPU
	EndGlobalSection
	GlobalSection(SolutionProperties) = preSolution
		HideSolutionNode = FALSE
	EndGlobalSection
	GlobalSection(ExtensibilityGlobals) = postSolution
		SolutionGuid = {69B7310F-FE72-4636-8951-F3266102CC06}
	EndGlobalSection
EndGlobal
